
Microsoft Visual Studio Solution File, Format Version 11.00
# Visual Studio 2010
Project("{8BC9CEB8-8B4A-11D0-8D11-00A0C91BC942}") = "IVS_SDK", "IVS_SDK\IVS_SDK.vcxproj", "{56DEA8E5-F9B3-43B5-A377-27DBEE04422A}"
	ProjectSection(ProjectDependencies) = postProject
		{C0A9BA83-B749-441B-9055-FC312E0816C4} = {C0A9BA83-B749-441B-9055-FC312E0816C4}
		{43CB849A-1B4A-49DA-BBA2-71E92D8A2CF3} = {43CB849A-1B4A-49DA-BBA2-71E92D8A2CF3}
		{6BF1FEC2-80C5-455B-9655-451300A6F272} = {6BF1FEC2-80C5-455B-9655-451300A6F272}
		{01DFB4E5-6C26-49A6-8FFD-E60D765DAFC7} = {01DFB4E5-6C26-49A6-8FFD-E60D765DAFC7}
		{FF29E3FC-B634-41AE-82FB-479B3690A4C7} = {FF29E3FC-B634-41AE-82FB-479B3690A4C7}
	EndProjectSection
EndProject
Project("{8BC9CEB8-8B4A-11D0-8D11-00A0C91BC942}") = "rtsp_client", "rtsp_client\rtsp_client.vcxproj", "{FF29E3FC-B634-41AE-82FB-479B3690A4C7}"
EndProject
Project("{8BC9CEB8-8B4A-11D0-8D11-00A0C91BC942}") = "IVS_SDKTVWall", "IVS_SDKTVWall\IVS_SDKTVWall.vcxproj", "{6BF1FEC2-80C5-455B-9655-451300A6F272}"
EndProject
Project("{8BC9CEB8-8B4A-11D0-8D11-00A0C91BC942}") = "IVS_SDKNetKeyBoard", "IVS_SDKNetKeyBoard\IVS_SDKNetKeyBoard.vcxproj", "{43CB849A-1B4A-49DA-BBA2-71E92D8A2CF3}"
EndProject
Project("{8BC9CEB8-8B4A-11D0-8D11-00A0C91BC942}") = "IVS_NetSource", "..\IVS_MP\IVS_NetSource\vsproject\IVS_NetSource.vcxproj", "{01DFB4E5-6C26-49A6-8FFD-E60D765DAFC7}"
EndProject
Project("{8BC9CEB8-8B4A-11D0-8D11-00A0C91BC942}") = "IVS_Player", "..\IVS_MP\IVS_Player\vsproject\IVS_Player.vcxproj", "{C0A9BA83-B749-441B-9055-FC312E0816C4}"
EndProject
Global
	GlobalSection(SolutionConfigurationPlatforms) = preSolution
		Debug|Win32 = Debug|Win32
		Release|Win32 = Release|Win32
	EndGlobalSection
	GlobalSection(ProjectConfigurationPlatforms) = postSolution
		{56DEA8E5-F9B3-43B5-A377-27DBEE04422A}.Debug|Win32.ActiveCfg = Debug|Win32
		{56DEA8E5-F9B3-43B5-A377-27DBEE04422A}.Debug|Win32.Build.0 = Debug|Win32
		{56DEA8E5-F9B3-43B5-A377-27DBEE04422A}.Release|Win32.ActiveCfg = Release|Win32
		{56DEA8E5-F9B3-43B5-A377-27DBEE04422A}.Release|Win32.Build.0 = Release|Win32
		{FF29E3FC-B634-41AE-82FB-479B3690A4C7}.Debug|Win32.ActiveCfg = Debug|Win32
		{FF29E3FC-B634-41AE-82FB-479B3690A4C7}.Debug|Win32.Build.0 = Debug|Win32
		{FF29E3FC-B634-41AE-82FB-479B3690A4C7}.Release|Win32.ActiveCfg = Release|Win32
		{FF29E3FC-B634-41AE-82FB-479B3690A4C7}.Release|Win32.Build.0 = Release|Win32
		{6BF1FEC2-80C5-455B-9655-451300A6F272}.Debug|Win32.ActiveCfg = Debug|Win32
		{6BF1FEC2-80C5-455B-9655-451300A6F272}.Debug|Win32.Build.0 = Debug|Win32
		{6BF1FEC2-80C5-455B-9655-451300A6F272}.Release|Win32.ActiveCfg = Release|Win32
		{6BF1FEC2-80C5-455B-9655-451300A6F272}.Release|Win32.Build.0 = Release|Win32
		{43CB849A-1B4A-49DA-BBA2-71E92D8A2CF3}.Debug|Win32.ActiveCfg = Debug|Win32
		{43CB849A-1B4A-49DA-BBA2-71E92D8A2CF3}.Debug|Win32.Build.0 = Debug|Win32
		{43CB849A-1B4A-49DA-BBA2-71E92D8A2CF3}.Release|Win32.ActiveCfg = Release|Win32
		{43CB849A-1B4A-49DA-BBA2-71E92D8A2CF3}.Release|Win32.Build.0 = Release|Win32
		{01DFB4E5-6C26-49A6-8FFD-E60D765DAFC7}.Debug|Win32.ActiveCfg = Debug|Win32
		{01DFB4E5-6C26-49A6-8FFD-E60D765DAFC7}.Debug|Win32.Build.0 = Debug|Win32
		{01DFB4E5-6C26-49A6-8FFD-E60D765DAFC7}.Release|Win32.ActiveCfg = Release|Win32
		{01DFB4E5-6C26-49A6-8FFD-E60D765DAFC7}.Release|Win32.Build.0 = Release|Win32
		{C0A9BA83-B749-441B-9055-FC312E0816C4}.Debug|Win32.ActiveCfg = Debug|Win32
		{C0A9BA83-B749-441B-9055-FC312E0816C4}.Debug|Win32.Build.0 = Debug|Win32
		{C0A9BA83-B749-441B-9055-FC312E0816C4}.Release|Win32.ActiveCfg = Release|Win32
		{C0A9BA83-B749-441B-9055-FC312E0816C4}.Release|Win32.Build.0 = Release|Win32
	EndGlobalSection
	GlobalSection(SolutionProperties) = preSolution
		HideSolutionNode = FALSE
	EndGlobalSection
EndGlobal
